
Microsoft Visual Studio Solution File, Format Version 12.00
# Visual Studio Version 17
VisualStudioVersion = 17.8.34330.188
MinimumVisualStudioVersion = 10.0.40219.1
Project("{9A19103F-16F7-4668-BE54-9A1E7A4F7556}") = "Todo.API", "Todo.API\Todo.API.csproj", "{58E1D043-A89D-4816-A526-9C925DF8B21E}"
EndProject
Project("{9A19103F-16F7-4668-BE54-9A1E7A4F7556}") = "Todo.DataAccess", "Todo.DataAccess\Todo.DataAccess.csproj", "{5391398A-5345-456D-A40D-6D0A9E9C9C50}"
EndProject
Project("{FAE04EC0-301F-11D3-BF4B-00C04F79EFBC}") = "Todo.GUI", "Todo.GUI\Todo.GUI.csproj", "{C8474870-F961-4889-9407-7C7FE280FB8D}"
EndProject
Global
	GlobalSection(SolutionConfigurationPlatforms) = preSolution
		Debug|Any CPU = Debug|Any CPU
		Release|Any CPU = Release|Any CPU
	EndGlobalSection
	GlobalSection(ProjectConfigurationPlatforms) = postSolution
		{58E1D043-A89D-4816-A526-9C925DF8B21E}.Debug|Any CPU.ActiveCfg = Debug|Any CPU
		{58E1D043-A89D-4816-A526-9C925DF8B21E}.Debug|Any CPU.Build.0 = Debug|Any CPU
		{58E1D043-A89D-4816-A526-9C925DF8B21E}.Release|Any CPU.ActiveCfg = Release|Any CPU
		{58E1D043-A89D-4816-A526-9C925DF8B21E}.Release|Any CPU.Build.0 = Release|Any CPU
		{5391398A-5345-456D-A40D-6D0A9E9C9C50}.Debug|Any CPU.ActiveCfg = Debug|Any CPU
		{5391398A-5345-456D-A40D-6D0A9E9C9C50}.Debug|Any CPU.Build.0 = Debug|Any CPU
		{5391398A-5345-456D-A40D-6D0A9E9C9C50}.Release|Any CPU.ActiveCfg = Release|Any CPU
		{5391398A-5345-456D-A40D-6D0A9E9C9C50}.Release|Any CPU.Build.0 = Release|Any CPU
		{C8474870-F961-4889-9407-7C7FE280FB8D}.Debug|Any CPU.ActiveCfg = Debug|Any CPU
		{C8474870-F961-4889-9407-7C7FE280FB8D}.Debug|Any CPU.Build.0 = Debug|Any CPU
		{C8474870-F961-4889-9407-7C7FE280FB8D}.Release|Any CPU.ActiveCfg = Release|Any CPU
		{C8474870-F961-4889-9407-7C7FE280FB8D}.Release|Any CPU.Build.0 = Release|Any CPU
	EndGlobalSection
	GlobalSection(SolutionProperties) = preSolution
		HideSolutionNode = FALSE
	EndGlobalSection
	GlobalSection(ExtensibilityGlobals) = postSolution
		SolutionGuid = {A9B4F717-559E-4A90-98BC-BC106539F7E4}
	EndGlobalSection
EndGlobal
